{
  "name": "Checkin",
  "version": "1.0.0",
  "lockfileVersion": 1,
  "requires": true,
  "dependencies": {
    "mini-ali-ui": {
      "version": "1.0.9",
      "resolved": "https://registry.npm.taobao.org/mini-ali-ui/download/mini-ali-ui-1.0.9.tgz",
      "integrity": "sha1-DDdFiuOS0kqfheRs+Luc/SoAMSY="
    },
    "mini-ali-ui-rpx": {
      "version": "1.0.9"
    },
    "mini-antui": {
      "version": "0.4.35"
    },
    "moment": {
      "version": "2.24.0"
    }
  }
}
