# THIS IS AN AUTOGENERATED FILE. DO NOT EDIT THIS FILE DIRECTLY.
# yarn lockfile v1


eventemitter3@^4.0.4:
  version "4.0.4"
  resolved "https://registry.npm.taobao.org/eventemitter3/download/eventemitter3-4.0.4.tgz#b5463ace635a083d018bdc7c917b4c5f10a85384"
  integrity sha1-tUY6zmNaCD0Bi9x8kXtMXxCoU4Q=

mini-ali-ui-rpx@^1.0.10:
  version "1.0.10"
  resolved "https://registry.npm.taobao.org/mini-ali-ui-rpx/download/mini-ali-ui-rpx-1.0.10.tgz#4ff13ac4449961f7b428d7a05ef9fdaeafc34fb2"
  integrity sha1-T/E6xESZYfe0KNegXvn9rq/DT7I=

moment@^2.24.0:
  version "2.24.0"
  resolved "https://registry.npm.taobao.org/moment/download/moment-2.24.0.tgz#0d055d53f5052aa653c9f6eb68bb5d12bf5c2b5b"
  integrity sha1-DQVdU/UFKqZTyfbraLtdEr9cK1s=
